
Microsoft Visual Studio Solution File, Format Version 12.00
# Visual Studio Version 17
VisualStudioVersion = 17.0.31903.59
MinimumVisualStudioVersion = 10.0.40219.1
Project("{FAE04EC0-301F-11D3-BF4B-00C04F79EFBC}") = "project2", "project2\project2.csproj", "{0AD565B3-529B-4EA7-89D2-5983AC384DE7}"
EndProject
Project("{FAE04EC0-301F-11D3-BF4B-00C04F79EFBC}") = "projcet1", "projcet1\projcet1.csproj", "{FD4CEA52-8270-4EF3-9C70-749A4297DD6B}"
EndProject
Project("{FAE04EC0-301F-11D3-BF4B-00C04F79EFBC}") = "project3", "project3\project3.csproj", "{8462C2EB-FE9B-46FC-BC91-4B6FFF73C4B2}"
EndProject
Project("{FAE04EC0-301F-11D3-BF4B-00C04F79EFBC}") = "project4", "project4\project4.csproj", "{D90AC772-99D8-4C35-A64E-88654B3AFA78}"
EndProject
Project("{FAE04EC0-301F-11D3-BF4B-00C04F79EFBC}") = "project5", "project5\project5.csproj", "{C8E34E21-A03E-4178-83C6-1A203586E2ED}"
EndProject
Project("{FAE04EC0-301F-11D3-BF4B-00C04F79EFBC}") = "project6", "project6\project6.csproj", "{9EF13295-9C71-4A48-B0EC-47EBE16B481C}"
EndProject
Project("{FAE04EC0-301F-11D3-BF4B-00C04F79EFBC}") = "project7", "project7\project7.csproj", "{9155E964-E545-407C-B264-8BF94F7E16C3}"
EndProject
Project("{FAE04EC0-301F-11D3-BF4B-00C04F79EFBC}") = "project8", "project8\project8.csproj", "{257CB5F3-BFA8-47C4-B3EE-FC8CF1C287E9}"
EndProject
Project("{FAE04EC0-301F-11D3-BF4B-00C04F79EFBC}") = "project9", "project9\project9.csproj", "{59721DCA-8B65-435A-A1FD-6FFF3CF65140}"
EndProject
Project("{FAE04EC0-301F-11D3-BF4B-00C04F79EFBC}") = "project10", "project10\project10.csproj", "{1F92B622-2CA6-4E68-9106-777DF69AEBF8}"
EndProject
Project("{FAE04EC0-301F-11D3-BF4B-00C04F79EFBC}") = "project11", "project11\project11.csproj", "{488FA3E7-9176-460C-BDD7-43A50F001AA0}"
EndProject
Project("{FAE04EC0-301F-11D3-BF4B-00C04F79EFBC}") = "project12-AbstractClass", "project12-AbstractClass\project12-AbstractClass.csproj", "{DC7DCC22-8518-498F-9C0A-B1E40BE55051}"
EndProject
Project("{FAE04EC0-301F-11D3-BF4B-00C04F79EFBC}") = "Employee-Payable", "Employee-Payable\Employee-Payable.csproj", "{FE749054-26C5-4F22-A527-E90DD7F41C8F}"
EndProject
Project("{2150E333-8FDC-42A3-9474-1A3956D46DE8}") = "Day 6", "Day 6", "{718517D1-BF07-4CFF-B2DD-91D7F6BA084F}"
	ProjectSection(SolutionItems) = preProject
	EndProjectSection
EndProject
Project("{2150E333-8FDC-42A3-9474-1A3956D46DE8}") = "Project", "Project", "{B685756D-E7DA-47AC-9818-A29A82D367B8}"
EndProject
Project("{FAE04EC0-301F-11D3-BF4B-00C04F79EFBC}") = "Var", "Var\Var.csproj", "{1BFFE30B-1588-44D5-A8C2-F6FCDAC83E74}"
EndProject
Project("{FAE04EC0-301F-11D3-BF4B-00C04F79EFBC}") = "RefferenceType", "RefferenceType\RefferenceType.csproj", "{5377E672-7018-4D0D-8172-4EB447EE4716}"
EndProject
Project("{FAE04EC0-301F-11D3-BF4B-00C04F79EFBC}") = "Parsing", "Parsing\Parsing.csproj", "{3D6BE2E9-97E1-494F-B99B-7444FC40586D}"
EndProject
Project("{FAE04EC0-301F-11D3-BF4B-00C04F79EFBC}") = "Object", "Object\Object.csproj", "{FFDBC84F-DEDE-45DA-8A54-AD2B8559E112}"
EndProject
Project("{FAE04EC0-301F-11D3-BF4B-00C04F79EFBC}") = "IsType", "IsType\IsType.csproj", "{BC42328E-87B9-4C5E-BC8E-1355EB14149F}"
EndProject
Project("{FAE04EC0-301F-11D3-BF4B-00C04F79EFBC}") = "FooBar", "FooBar\FooBar.csproj", "{9642E5D8-56EC-44E7-BCD2-197770FCA21F}"
EndProject
Project("{FAE04EC0-301F-11D3-BF4B-00C04F79EFBC}") = "Enum", "Enum\Enum.csproj", "{089A6A90-E84B-47C5-BB20-8EB269C29242}"
EndProject
Project("{2150E333-8FDC-42A3-9474-1A3956D46DE8}") = "Day 7", "Day 7", "{3EFA49CA-3AD4-4DBE-A8B4-A4BE33A7591C}"
EndProject
Project("{FAE04EC0-301F-11D3-BF4B-00C04F79EFBC}") = "Generic", "Generic\Generic.csproj", "{576E508F-6813-4156-BD7F-C68A7CB12E0D}"
EndProject
Project("{FAE04EC0-301F-11D3-BF4B-00C04F79EFBC}") = "GenericClass", "GenericClass\GenericClass.csproj", "{B4017144-BF84-4563-AA08-4D8ADBD44717}"
EndProject
Project("{FAE04EC0-301F-11D3-BF4B-00C04F79EFBC}") = "DelegateMethod", "DelegateMethod\DelegateMethod.csproj", "{A618C9A2-5FE1-4C53-B24C-69582FA562DA}"
EndProject
Project("{FAE04EC0-301F-11D3-BF4B-00C04F79EFBC}") = "DelegateWithReturnValue", "DelegateWithReturnValue\DelegateWithReturnValue.csproj", "{5D32D496-0FDF-4829-97B7-F7774D7400BE}"
EndProject
Project("{2150E333-8FDC-42A3-9474-1A3956D46DE8}") = "Day 8", "Day 8", "{D3A35CA7-371B-4424-99A5-FFECF6424144}"
EndProject
Project("{FAE04EC0-301F-11D3-BF4B-00C04F79EFBC}") = "Delegate-Day2", "Delegate-Day2\Delegate-Day2.csproj", "{5821FBCC-55B6-4E51-A0F1-29ABA55E1808}"
EndProject
Project("{FAE04EC0-301F-11D3-BF4B-00C04F79EFBC}") = "EventHandler", "EventHandler\EventHandler.csproj", "{C31D90F6-23A4-4249-A5BD-944BB15B18D2}"
EndProject
Project("{FAE04EC0-301F-11D3-BF4B-00C04F79EFBC}") = "Event Handler with EvenArgs data", "Event Handler with EvenArgs data\Event Handler with EvenArgs data.csproj", "{EF85EFA4-A4C6-4806-A61B-25B03D0C4AB7}"
EndProject
Project("{FAE04EC0-301F-11D3-BF4B-00C04F79EFBC}") = "Test", "Test\Test.csproj", "{C33765C6-B1CE-4918-BAD6-E9D7F9EE7848}"
EndProject
Project("{2150E333-8FDC-42A3-9474-1A3956D46DE8}") = "Day 9", "Day 9", "{E05D945C-235D-4B89-A699-A757E4E7EDA2}"
EndProject
Project("{FAE04EC0-301F-11D3-BF4B-00C04F79EFBC}") = "Func", "Func\Func.csproj", "{A5E94CE8-77CF-4A98-93EC-33DF05270739}"
EndProject
Project("{FAE04EC0-301F-11D3-BF4B-00C04F79EFBC}") = "Action", "Action\Action.csproj", "{460B4268-417E-4A2F-BB95-C55BA0E480CE}"
EndProject
Project("{FAE04EC0-301F-11D3-BF4B-00C04F79EFBC}") = "Enumerator_Enumerable", "Enumerator_Enumerable\Enumerator_Enumerable.csproj", "{11C43EF1-5EE5-434A-ADD0-9E9699FA5011}"
EndProject
Project("{FAE04EC0-301F-11D3-BF4B-00C04F79EFBC}") = "Exception", "Exception\Exception.csproj", "{10DDC097-1C8E-470E-A4C9-AFEAF292ECDF}"
EndProject
Project("{FAE04EC0-301F-11D3-BF4B-00C04F79EFBC}") = "MathFunction", "MathFunction\MathFunction.csproj", "{5BC82C2A-D156-4179-9C4C-128EF860DF9F}"
EndProject
Project("{FAE04EC0-301F-11D3-BF4B-00C04F79EFBC}") = "NetCore-Project", "NetCore-Project\NetCore-Project.csproj", "{778149BD-119F-45A2-98EB-50718BF28171}"
EndProject
Project("{2150E333-8FDC-42A3-9474-1A3956D46DE8}") = "Day 10", "Day 10", "{420D1B2F-0D89-43C4-B5D1-35F9266B23B0}"
EndProject
Project("{FAE04EC0-301F-11D3-BF4B-00C04F79EFBC}") = "StringAndTextHandling", "StringAndTextHandling\StringAndTextHandling.csproj", "{943BD663-71E9-4A55-857E-4AECCD0280AF}"
EndProject
Project("{2150E333-8FDC-42A3-9474-1A3956D46DE8}") = "Char", "Char", "{A4371DE6-A1CE-4437-99A0-B8251E95A1A1}"
EndProject
Project("{FAE04EC0-301F-11D3-BF4B-00C04F79EFBC}") = "Char", "Char\Char.csproj", "{52E192B2-267E-4FB1-AE3B-7D6D5784A8D5}"
EndProject
Project("{2150E333-8FDC-42A3-9474-1A3956D46DE8}") = "Day 12", "Day 12", "{AC636E95-79B4-4A7C-8C3B-B40B00659E36}"
EndProject
Project("{2150E333-8FDC-42A3-9474-1A3956D46DE8}") = "Collection", "Collection", "{AFE9332F-6BC7-4074-9AAD-D30F7EFD7628}"
EndProject
Project("{FAE04EC0-301F-11D3-BF4B-00C04F79EFBC}") = "Collection", "Collection\Collection.csproj", "{49BECC60-367F-48BA-83E5-D1443BBA1EE4}"
EndProject
Project("{2150E333-8FDC-42A3-9474-1A3956D46DE8}") = "Day 13", "Day 13", "{7183249A-2E9C-4643-9CF9-02D3C2284A27}"
EndProject
Project("{FAE04EC0-301F-11D3-BF4B-00C04F79EFBC}") = "KeyValuePairCollection", "KeyValuePairCollection\KeyValuePairCollection.csproj", "{80D80EE2-DEEB-4F63-AD98-EE4A873975ED}"
EndProject
Project("{FAE04EC0-301F-11D3-BF4B-00C04F79EFBC}") = "StackQueue", "StackQueue\StackQueue.csproj", "{AE044AA0-E038-4C3E-B41D-B56EC91E5820}"
EndProject
Global
	GlobalSection(SolutionConfigurationPlatforms) = preSolution
		Debug|Any CPU = Debug|Any CPU
		Release|Any CPU = Release|Any CPU
	EndGlobalSection
	GlobalSection(SolutionProperties) = preSolution
		HideSolutionNode = FALSE
	EndGlobalSection
	GlobalSection(ProjectConfigurationPlatforms) = postSolution
		{0AD565B3-529B-4EA7-89D2-5983AC384DE7}.Debug|Any CPU.ActiveCfg = Debug|Any CPU
		{0AD565B3-529B-4EA7-89D2-5983AC384DE7}.Debug|Any CPU.Build.0 = Debug|Any CPU
		{0AD565B3-529B-4EA7-89D2-5983AC384DE7}.Release|Any CPU.ActiveCfg = Release|Any CPU
		{0AD565B3-529B-4EA7-89D2-5983AC384DE7}.Release|Any CPU.Build.0 = Release|Any CPU
		{FD4CEA52-8270-4EF3-9C70-749A4297DD6B}.Debug|Any CPU.ActiveCfg = Debug|Any CPU
		{FD4CEA52-8270-4EF3-9C70-749A4297DD6B}.Debug|Any CPU.Build.0 = Debug|Any CPU
		{FD4CEA52-8270-4EF3-9C70-749A4297DD6B}.Release|Any CPU.ActiveCfg = Release|Any CPU
		{FD4CEA52-8270-4EF3-9C70-749A4297DD6B}.Release|Any CPU.Build.0 = Release|Any CPU
		{8462C2EB-FE9B-46FC-BC91-4B6FFF73C4B2}.Debug|Any CPU.ActiveCfg = Debug|Any CPU
		{8462C2EB-FE9B-46FC-BC91-4B6FFF73C4B2}.Debug|Any CPU.Build.0 = Debug|Any CPU
		{8462C2EB-FE9B-46FC-BC91-4B6FFF73C4B2}.Release|Any CPU.ActiveCfg = Release|Any CPU
		{8462C2EB-FE9B-46FC-BC91-4B6FFF73C4B2}.Release|Any CPU.Build.0 = Release|Any CPU
		{D90AC772-99D8-4C35-A64E-88654B3AFA78}.Debug|Any CPU.ActiveCfg = Debug|Any CPU
		{D90AC772-99D8-4C35-A64E-88654B3AFA78}.Debug|Any CPU.Build.0 = Debug|Any CPU
		{D90AC772-99D8-4C35-A64E-88654B3AFA78}.Release|Any CPU.ActiveCfg = Release|Any CPU
		{D90AC772-99D8-4C35-A64E-88654B3AFA78}.Release|Any CPU.Build.0 = Release|Any CPU
		{C8E34E21-A03E-4178-83C6-1A203586E2ED}.Debug|Any CPU.ActiveCfg = Debug|Any CPU
		{C8E34E21-A03E-4178-83C6-1A203586E2ED}.Debug|Any CPU.Build.0 = Debug|Any CPU
		{C8E34E21-A03E-4178-83C6-1A203586E2ED}.Release|Any CPU.ActiveCfg = Release|Any CPU
		{C8E34E21-A03E-4178-83C6-1A203586E2ED}.Release|Any CPU.Build.0 = Release|Any CPU
		{9EF13295-9C71-4A48-B0EC-47EBE16B481C}.Debug|Any CPU.ActiveCfg = Debug|Any CPU
		{9EF13295-9C71-4A48-B0EC-47EBE16B481C}.Debug|Any CPU.Build.0 = Debug|Any CPU
		{9EF13295-9C71-4A48-B0EC-47EBE16B481C}.Release|Any CPU.ActiveCfg = Release|Any CPU
		{9EF13295-9C71-4A48-B0EC-47EBE16B481C}.Release|Any CPU.Build.0 = Release|Any CPU
		{9155E964-E545-407C-B264-8BF94F7E16C3}.Debug|Any CPU.ActiveCfg = Debug|Any CPU
		{9155E964-E545-407C-B264-8BF94F7E16C3}.Debug|Any CPU.Build.0 = Debug|Any CPU
		{9155E964-E545-407C-B264-8BF94F7E16C3}.Release|Any CPU.ActiveCfg = Release|Any CPU
		{9155E964-E545-407C-B264-8BF94F7E16C3}.Release|Any CPU.Build.0 = Release|Any CPU
		{257CB5F3-BFA8-47C4-B3EE-FC8CF1C287E9}.Debug|Any CPU.ActiveCfg = Debug|Any CPU
		{257CB5F3-BFA8-47C4-B3EE-FC8CF1C287E9}.Debug|Any CPU.Build.0 = Debug|Any CPU
		{257CB5F3-BFA8-47C4-B3EE-FC8CF1C287E9}.Release|Any CPU.ActiveCfg = Release|Any CPU
		{257CB5F3-BFA8-47C4-B3EE-FC8CF1C287E9}.Release|Any CPU.Build.0 = Release|Any CPU
		{59721DCA-8B65-435A-A1FD-6FFF3CF65140}.Debug|Any CPU.ActiveCfg = Debug|Any CPU
		{59721DCA-8B65-435A-A1FD-6FFF3CF65140}.Debug|Any CPU.Build.0 = Debug|Any CPU
		{59721DCA-8B65-435A-A1FD-6FFF3CF65140}.Release|Any CPU.ActiveCfg = Release|Any CPU
		{59721DCA-8B65-435A-A1FD-6FFF3CF65140}.Release|Any CPU.Build.0 = Release|Any CPU
		{1F92B622-2CA6-4E68-9106-777DF69AEBF8}.Debug|Any CPU.ActiveCfg = Debug|Any CPU
		{1F92B622-2CA6-4E68-9106-777DF69AEBF8}.Debug|Any CPU.Build.0 = Debug|Any CPU
		{1F92B622-2CA6-4E68-9106-777DF69AEBF8}.Release|Any CPU.ActiveCfg = Release|Any CPU
		{1F92B622-2CA6-4E68-9106-777DF69AEBF8}.Release|Any CPU.Build.0 = Release|Any CPU
		{488FA3E7-9176-460C-BDD7-43A50F001AA0}.Debug|Any CPU.ActiveCfg = Debug|Any CPU
		{488FA3E7-9176-460C-BDD7-43A50F001AA0}.Debug|Any CPU.Build.0 = Debug|Any CPU
		{488FA3E7-9176-460C-BDD7-43A50F001AA0}.Release|Any CPU.ActiveCfg = Release|Any CPU
		{488FA3E7-9176-460C-BDD7-43A50F001AA0}.Release|Any CPU.Build.0 = Release|Any CPU
		{DC7DCC22-8518-498F-9C0A-B1E40BE55051}.Debug|Any CPU.ActiveCfg = Debug|Any CPU
		{DC7DCC22-8518-498F-9C0A-B1E40BE55051}.Debug|Any CPU.Build.0 = Debug|Any CPU
		{DC7DCC22-8518-498F-9C0A-B1E40BE55051}.Release|Any CPU.ActiveCfg = Release|Any CPU
		{DC7DCC22-8518-498F-9C0A-B1E40BE55051}.Release|Any CPU.Build.0 = Release|Any CPU
		{FE749054-26C5-4F22-A527-E90DD7F41C8F}.Debug|Any CPU.ActiveCfg = Debug|Any CPU
		{FE749054-26C5-4F22-A527-E90DD7F41C8F}.Debug|Any CPU.Build.0 = Debug|Any CPU
		{FE749054-26C5-4F22-A527-E90DD7F41C8F}.Release|Any CPU.ActiveCfg = Release|Any CPU
		{FE749054-26C5-4F22-A527-E90DD7F41C8F}.Release|Any CPU.Build.0 = Release|Any CPU
		{1BFFE30B-1588-44D5-A8C2-F6FCDAC83E74}.Debug|Any CPU.ActiveCfg = Debug|Any CPU
		{1BFFE30B-1588-44D5-A8C2-F6FCDAC83E74}.Debug|Any CPU.Build.0 = Debug|Any CPU
		{1BFFE30B-1588-44D5-A8C2-F6FCDAC83E74}.Release|Any CPU.ActiveCfg = Release|Any CPU
		{1BFFE30B-1588-44D5-A8C2-F6FCDAC83E74}.Release|Any CPU.Build.0 = Release|Any CPU
		{5377E672-7018-4D0D-8172-4EB447EE4716}.Debug|Any CPU.ActiveCfg = Debug|Any CPU
		{5377E672-7018-4D0D-8172-4EB447EE4716}.Debug|Any CPU.Build.0 = Debug|Any CPU
		{5377E672-7018-4D0D-8172-4EB447EE4716}.Release|Any CPU.ActiveCfg = Release|Any CPU
		{5377E672-7018-4D0D-8172-4EB447EE4716}.Release|Any CPU.Build.0 = Release|Any CPU
		{3D6BE2E9-97E1-494F-B99B-7444FC40586D}.Debug|Any CPU.ActiveCfg = Debug|Any CPU
		{3D6BE2E9-97E1-494F-B99B-7444FC40586D}.Debug|Any CPU.Build.0 = Debug|Any CPU
		{3D6BE2E9-97E1-494F-B99B-7444FC40586D}.Release|Any CPU.ActiveCfg = Release|Any CPU
		{3D6BE2E9-97E1-494F-B99B-7444FC40586D}.Release|Any CPU.Build.0 = Release|Any CPU
		{FFDBC84F-DEDE-45DA-8A54-AD2B8559E112}.Debug|Any CPU.ActiveCfg = Debug|Any CPU
		{FFDBC84F-DEDE-45DA-8A54-AD2B8559E112}.Debug|Any CPU.Build.0 = Debug|Any CPU
		{FFDBC84F-DEDE-45DA-8A54-AD2B8559E112}.Release|Any CPU.ActiveCfg = Release|Any CPU
		{FFDBC84F-DEDE-45DA-8A54-AD2B8559E112}.Release|Any CPU.Build.0 = Release|Any CPU
		{BC42328E-87B9-4C5E-BC8E-1355EB14149F}.Debug|Any CPU.ActiveCfg = Debug|Any CPU
		{BC42328E-87B9-4C5E-BC8E-1355EB14149F}.Debug|Any CPU.Build.0 = Debug|Any CPU
		{BC42328E-87B9-4C5E-BC8E-1355EB14149F}.Release|Any CPU.ActiveCfg = Release|Any CPU
		{BC42328E-87B9-4C5E-BC8E-1355EB14149F}.Release|Any CPU.Build.0 = Release|Any CPU
		{9642E5D8-56EC-44E7-BCD2-197770FCA21F}.Debug|Any CPU.ActiveCfg = Debug|Any CPU
		{9642E5D8-56EC-44E7-BCD2-197770FCA21F}.Debug|Any CPU.Build.0 = Debug|Any CPU
		{9642E5D8-56EC-44E7-BCD2-197770FCA21F}.Release|Any CPU.ActiveCfg = Release|Any CPU
		{9642E5D8-56EC-44E7-BCD2-197770FCA21F}.Release|Any CPU.Build.0 = Release|Any CPU
		{089A6A90-E84B-47C5-BB20-8EB269C29242}.Debug|Any CPU.ActiveCfg = Debug|Any CPU
		{089A6A90-E84B-47C5-BB20-8EB269C29242}.Debug|Any CPU.Build.0 = Debug|Any CPU
		{089A6A90-E84B-47C5-BB20-8EB269C29242}.Release|Any CPU.ActiveCfg = Release|Any CPU
		{089A6A90-E84B-47C5-BB20-8EB269C29242}.Release|Any CPU.Build.0 = Release|Any CPU
		{576E508F-6813-4156-BD7F-C68A7CB12E0D}.Debug|Any CPU.ActiveCfg = Debug|Any CPU
		{576E508F-6813-4156-BD7F-C68A7CB12E0D}.Debug|Any CPU.Build.0 = Debug|Any CPU
		{576E508F-6813-4156-BD7F-C68A7CB12E0D}.Release|Any CPU.ActiveCfg = Release|Any CPU
		{576E508F-6813-4156-BD7F-C68A7CB12E0D}.Release|Any CPU.Build.0 = Release|Any CPU
		{B4017144-BF84-4563-AA08-4D8ADBD44717}.Debug|Any CPU.ActiveCfg = Debug|Any CPU
		{B4017144-BF84-4563-AA08-4D8ADBD44717}.Debug|Any CPU.Build.0 = Debug|Any CPU
		{B4017144-BF84-4563-AA08-4D8ADBD44717}.Release|Any CPU.ActiveCfg = Release|Any CPU
		{B4017144-BF84-4563-AA08-4D8ADBD44717}.Release|Any CPU.Build.0 = Release|Any CPU
		{A618C9A2-5FE1-4C53-B24C-69582FA562DA}.Debug|Any CPU.ActiveCfg = Debug|Any CPU
		{A618C9A2-5FE1-4C53-B24C-69582FA562DA}.Debug|Any CPU.Build.0 = Debug|Any CPU
		{A618C9A2-5FE1-4C53-B24C-69582FA562DA}.Release|Any CPU.ActiveCfg = Release|Any CPU
		{A618C9A2-5FE1-4C53-B24C-69582FA562DA}.Release|Any CPU.Build.0 = Release|Any CPU
		{5D32D496-0FDF-4829-97B7-F7774D7400BE}.Debug|Any CPU.ActiveCfg = Debug|Any CPU
		{5D32D496-0FDF-4829-97B7-F7774D7400BE}.Debug|Any CPU.Build.0 = Debug|Any CPU
		{5D32D496-0FDF-4829-97B7-F7774D7400BE}.Release|Any CPU.ActiveCfg = Release|Any CPU
		{5D32D496-0FDF-4829-97B7-F7774D7400BE}.Release|Any CPU.Build.0 = Release|Any CPU
		{5821FBCC-55B6-4E51-A0F1-29ABA55E1808}.Debug|Any CPU.ActiveCfg = Debug|Any CPU
		{5821FBCC-55B6-4E51-A0F1-29ABA55E1808}.Debug|Any CPU.Build.0 = Debug|Any CPU
		{5821FBCC-55B6-4E51-A0F1-29ABA55E1808}.Release|Any CPU.ActiveCfg = Release|Any CPU
		{5821FBCC-55B6-4E51-A0F1-29ABA55E1808}.Release|Any CPU.Build.0 = Release|Any CPU
		{C31D90F6-23A4-4249-A5BD-944BB15B18D2}.Debug|Any CPU.ActiveCfg = Debug|Any CPU
		{C31D90F6-23A4-4249-A5BD-944BB15B18D2}.Debug|Any CPU.Build.0 = Debug|Any CPU
		{C31D90F6-23A4-4249-A5BD-944BB15B18D2}.Release|Any CPU.ActiveCfg = Release|Any CPU
		{C31D90F6-23A4-4249-A5BD-944BB15B18D2}.Release|Any CPU.Build.0 = Release|Any CPU
		{EF85EFA4-A4C6-4806-A61B-25B03D0C4AB7}.Debug|Any CPU.ActiveCfg = Debug|Any CPU
		{EF85EFA4-A4C6-4806-A61B-25B03D0C4AB7}.Debug|Any CPU.Build.0 = Debug|Any CPU
		{EF85EFA4-A4C6-4806-A61B-25B03D0C4AB7}.Release|Any CPU.ActiveCfg = Release|Any CPU
		{EF85EFA4-A4C6-4806-A61B-25B03D0C4AB7}.Release|Any CPU.Build.0 = Release|Any CPU
		{C33765C6-B1CE-4918-BAD6-E9D7F9EE7848}.Debug|Any CPU.ActiveCfg = Debug|Any CPU
		{C33765C6-B1CE-4918-BAD6-E9D7F9EE7848}.Debug|Any CPU.Build.0 = Debug|Any CPU
		{C33765C6-B1CE-4918-BAD6-E9D7F9EE7848}.Release|Any CPU.ActiveCfg = Release|Any CPU
		{C33765C6-B1CE-4918-BAD6-E9D7F9EE7848}.Release|Any CPU.Build.0 = Release|Any CPU
		{A5E94CE8-77CF-4A98-93EC-33DF05270739}.Debug|Any CPU.ActiveCfg = Debug|Any CPU
		{A5E94CE8-77CF-4A98-93EC-33DF05270739}.Debug|Any CPU.Build.0 = Debug|Any CPU
		{A5E94CE8-77CF-4A98-93EC-33DF05270739}.Release|Any CPU.ActiveCfg = Release|Any CPU
		{A5E94CE8-77CF-4A98-93EC-33DF05270739}.Release|Any CPU.Build.0 = Release|Any CPU
		{460B4268-417E-4A2F-BB95-C55BA0E480CE}.Debug|Any CPU.ActiveCfg = Debug|Any CPU
		{460B4268-417E-4A2F-BB95-C55BA0E480CE}.Debug|Any CPU.Build.0 = Debug|Any CPU
		{460B4268-417E-4A2F-BB95-C55BA0E480CE}.Release|Any CPU.ActiveCfg = Release|Any CPU
		{460B4268-417E-4A2F-BB95-C55BA0E480CE}.Release|Any CPU.Build.0 = Release|Any CPU
		{11C43EF1-5EE5-434A-ADD0-9E9699FA5011}.Debug|Any CPU.ActiveCfg = Debug|Any CPU
		{11C43EF1-5EE5-434A-ADD0-9E9699FA5011}.Debug|Any CPU.Build.0 = Debug|Any CPU
		{11C43EF1-5EE5-434A-ADD0-9E9699FA5011}.Release|Any CPU.ActiveCfg = Release|Any CPU
		{11C43EF1-5EE5-434A-ADD0-9E9699FA5011}.Release|Any CPU.Build.0 = Release|Any CPU
		{10DDC097-1C8E-470E-A4C9-AFEAF292ECDF}.Debug|Any CPU.ActiveCfg = Debug|Any CPU
		{10DDC097-1C8E-470E-A4C9-AFEAF292ECDF}.Debug|Any CPU.Build.0 = Debug|Any CPU
		{10DDC097-1C8E-470E-A4C9-AFEAF292ECDF}.Release|Any CPU.ActiveCfg = Release|Any CPU
		{10DDC097-1C8E-470E-A4C9-AFEAF292ECDF}.Release|Any CPU.Build.0 = Release|Any CPU
		{5BC82C2A-D156-4179-9C4C-128EF860DF9F}.Debug|Any CPU.ActiveCfg = Debug|Any CPU
		{5BC82C2A-D156-4179-9C4C-128EF860DF9F}.Debug|Any CPU.Build.0 = Debug|Any CPU
		{5BC82C2A-D156-4179-9C4C-128EF860DF9F}.Release|Any CPU.ActiveCfg = Release|Any CPU
		{5BC82C2A-D156-4179-9C4C-128EF860DF9F}.Release|Any CPU.Build.0 = Release|Any CPU
		{778149BD-119F-45A2-98EB-50718BF28171}.Debug|Any CPU.ActiveCfg = Debug|Any CPU
		{778149BD-119F-45A2-98EB-50718BF28171}.Debug|Any CPU.Build.0 = Debug|Any CPU
		{778149BD-119F-45A2-98EB-50718BF28171}.Release|Any CPU.ActiveCfg = Release|Any CPU
		{778149BD-119F-45A2-98EB-50718BF28171}.Release|Any CPU.Build.0 = Release|Any CPU
		{943BD663-71E9-4A55-857E-4AECCD0280AF}.Debug|Any CPU.ActiveCfg = Debug|Any CPU
		{943BD663-71E9-4A55-857E-4AECCD0280AF}.Debug|Any CPU.Build.0 = Debug|Any CPU
		{943BD663-71E9-4A55-857E-4AECCD0280AF}.Release|Any CPU.ActiveCfg = Release|Any CPU
		{943BD663-71E9-4A55-857E-4AECCD0280AF}.Release|Any CPU.Build.0 = Release|Any CPU
		{52E192B2-267E-4FB1-AE3B-7D6D5784A8D5}.Debug|Any CPU.ActiveCfg = Debug|Any CPU
		{52E192B2-267E-4FB1-AE3B-7D6D5784A8D5}.Debug|Any CPU.Build.0 = Debug|Any CPU
		{52E192B2-267E-4FB1-AE3B-7D6D5784A8D5}.Release|Any CPU.ActiveCfg = Release|Any CPU
		{52E192B2-267E-4FB1-AE3B-7D6D5784A8D5}.Release|Any CPU.Build.0 = Release|Any CPU
		{49BECC60-367F-48BA-83E5-D1443BBA1EE4}.Debug|Any CPU.ActiveCfg = Debug|Any CPU
		{49BECC60-367F-48BA-83E5-D1443BBA1EE4}.Debug|Any CPU.Build.0 = Debug|Any CPU
		{49BECC60-367F-48BA-83E5-D1443BBA1EE4}.Release|Any CPU.ActiveCfg = Release|Any CPU
		{49BECC60-367F-48BA-83E5-D1443BBA1EE4}.Release|Any CPU.Build.0 = Release|Any CPU
		{80D80EE2-DEEB-4F63-AD98-EE4A873975ED}.Debug|Any CPU.ActiveCfg = Debug|Any CPU
		{80D80EE2-DEEB-4F63-AD98-EE4A873975ED}.Debug|Any CPU.Build.0 = Debug|Any CPU
		{80D80EE2-DEEB-4F63-AD98-EE4A873975ED}.Release|Any CPU.ActiveCfg = Release|Any CPU
		{80D80EE2-DEEB-4F63-AD98-EE4A873975ED}.Release|Any CPU.Build.0 = Release|Any CPU
		{AE044AA0-E038-4C3E-B41D-B56EC91E5820}.Debug|Any CPU.ActiveCfg = Debug|Any CPU
		{AE044AA0-E038-4C3E-B41D-B56EC91E5820}.Debug|Any CPU.Build.0 = Debug|Any CPU
		{AE044AA0-E038-4C3E-B41D-B56EC91E5820}.Release|Any CPU.ActiveCfg = Release|Any CPU
		{AE044AA0-E038-4C3E-B41D-B56EC91E5820}.Release|Any CPU.Build.0 = Release|Any CPU
	EndGlobalSection
	GlobalSection(NestedProjects) = preSolution
		{AE044AA0-E038-4C3E-B41D-B56EC91E5820} = {7183249A-2E9C-4643-9CF9-02D3C2284A27}
		{80D80EE2-DEEB-4F63-AD98-EE4A873975ED} = {7183249A-2E9C-4643-9CF9-02D3C2284A27}
		{49BECC60-367F-48BA-83E5-D1443BBA1EE4} = {AFE9332F-6BC7-4074-9AAD-D30F7EFD7628}
		{AFE9332F-6BC7-4074-9AAD-D30F7EFD7628} = {AC636E95-79B4-4A7C-8C3B-B40B00659E36}
		{52E192B2-267E-4FB1-AE3B-7D6D5784A8D5} = {A4371DE6-A1CE-4437-99A0-B8251E95A1A1}
		{A4371DE6-A1CE-4437-99A0-B8251E95A1A1} = {420D1B2F-0D89-43C4-B5D1-35F9266B23B0}
		{943BD663-71E9-4A55-857E-4AECCD0280AF} = {420D1B2F-0D89-43C4-B5D1-35F9266B23B0}
		{5BC82C2A-D156-4179-9C4C-128EF860DF9F} = {B685756D-E7DA-47AC-9818-A29A82D367B8}
		{10DDC097-1C8E-470E-A4C9-AFEAF292ECDF} = {E05D945C-235D-4B89-A699-A757E4E7EDA2}
		{11C43EF1-5EE5-434A-ADD0-9E9699FA5011} = {E05D945C-235D-4B89-A699-A757E4E7EDA2}
		{460B4268-417E-4A2F-BB95-C55BA0E480CE} = {E05D945C-235D-4B89-A699-A757E4E7EDA2}
		{A5E94CE8-77CF-4A98-93EC-33DF05270739} = {E05D945C-235D-4B89-A699-A757E4E7EDA2}
		{C33765C6-B1CE-4918-BAD6-E9D7F9EE7848} = {B685756D-E7DA-47AC-9818-A29A82D367B8}
		{EF85EFA4-A4C6-4806-A61B-25B03D0C4AB7} = {D3A35CA7-371B-4424-99A5-FFECF6424144}
		{C31D90F6-23A4-4249-A5BD-944BB15B18D2} = {D3A35CA7-371B-4424-99A5-FFECF6424144}
		{5821FBCC-55B6-4E51-A0F1-29ABA55E1808} = {D3A35CA7-371B-4424-99A5-FFECF6424144}
		{5D32D496-0FDF-4829-97B7-F7774D7400BE} = {3EFA49CA-3AD4-4DBE-A8B4-A4BE33A7591C}
		{A618C9A2-5FE1-4C53-B24C-69582FA562DA} = {3EFA49CA-3AD4-4DBE-A8B4-A4BE33A7591C}
		{B4017144-BF84-4563-AA08-4D8ADBD44717} = {3EFA49CA-3AD4-4DBE-A8B4-A4BE33A7591C}
		{576E508F-6813-4156-BD7F-C68A7CB12E0D} = {3EFA49CA-3AD4-4DBE-A8B4-A4BE33A7591C}
		{089A6A90-E84B-47C5-BB20-8EB269C29242} = {718517D1-BF07-4CFF-B2DD-91D7F6BA084F}
		{9642E5D8-56EC-44E7-BCD2-197770FCA21F} = {B685756D-E7DA-47AC-9818-A29A82D367B8}
		{BC42328E-87B9-4C5E-BC8E-1355EB14149F} = {718517D1-BF07-4CFF-B2DD-91D7F6BA084F}
		{FFDBC84F-DEDE-45DA-8A54-AD2B8559E112} = {718517D1-BF07-4CFF-B2DD-91D7F6BA084F}
		{3D6BE2E9-97E1-494F-B99B-7444FC40586D} = {718517D1-BF07-4CFF-B2DD-91D7F6BA084F}
		{5377E672-7018-4D0D-8172-4EB447EE4716} = {718517D1-BF07-4CFF-B2DD-91D7F6BA084F}
		{1BFFE30B-1588-44D5-A8C2-F6FCDAC83E74} = {718517D1-BF07-4CFF-B2DD-91D7F6BA084F}
		{FE749054-26C5-4F22-A527-E90DD7F41C8F} = {B685756D-E7DA-47AC-9818-A29A82D367B8}
	EndGlobalSection
EndGlobal
